{
  "name": "@ronomon/crypto-async",
  "version": "3.0.0",
  "lockfileVersion": 1,
  "requires": true,
  "dependencies": {
    "@ronomon/queue": {
      "version": "3.0.0",
      "resolved": "https://registry.npmjs.org/@ronomon/queue/-/queue-3.0.0.tgz",
      "integrity": "sha512-+Dnc8cNXa0mI1cD+YdA3mmQP8j1CjQKXfILiXgZGWAtauMIUxuhRgnOLgabKjEj+Wa8r2rQKsaNaDayxauImGQ=="
    },
    "nan": {
      "version": "2.11.0",
      "resolved": "https://registry.npmjs.org/nan/-/nan-2.11.0.tgz",
      "integrity": "sha512-F4miItu2rGnV2ySkXOQoA8FKz/SR2Q2sWP0sbTxNxz/tuokeC8WxOhPMcwi0qIyGtVn/rrSeLbvVkznqCdwYnw=="
    }
  }
}
